<?xml version="1.0" encoding="utf-8"?>
<Project ToolsVersion="4.0" xmlns="http://schemas.microsoft.com/developer/msbuild/2003">
  <ItemGroup>
    <ClCompile Include="EntryPoint.cpp" />
    <ClCompile Include="System.cpp" />
    <ClCompile Include="Input.cpp" />
    <ClCompile Include="Graphics.cpp" />
    <ClCompile Include="D3D.cpp" />
    <ClCompile Include="Model.cpp" />
    <ClCompile Include="Shader.cpp" />
    <ClCompile Include="VertexShader.cpp" />
    <ClCompile Include="PixelShader.cpp" />
    <ClCompile Include="ConstantBuffer.cpp" />
    <ClCompile Include="Camera.cpp" />
    <ClCompile Include="Texture.cpp" />
    <ClCompile Include="TexturePixelShader.cpp">
      <Filter>Tutorial 5</Filter>
    </ClCompile>
    <ClCompile Include="TextureShader.cpp">
      <Filter>Tutorial 5</Filter>
    </ClCompile>
    <ClCompile Include="TextureVertexShader.cpp">
      <Filter>Tutorial 5</Filter>
    </ClCompile>
    <ClCompile Include="ColorPixelShader.cpp">
      <Filter>Tutorial 4</Filter>
    </ClCompile>
    <ClCompile Include="ColorShader.cpp">
      <Filter>Tutorial 4</Filter>
    </ClCompile>
    <ClCompile Include="ColorVertexShader.cpp">
      <Filter>Tutorial 4</Filter>
    </ClCompile>
    <ClCompile Include="SamplerState.cpp" />
    <ClCompile Include="DiffusePixelShader.cpp">
      <Filter>Tutorial 6</Filter>
    </ClCompile>
    <ClCompile Include="DiffuseShader.cpp">
      <Filter>Tutorial 6</Filter>
    </ClCompile>
    <ClCompile Include="DiffuseVertexShader.cpp">
      <Filter>Tutorial 6</Filter>
    </ClCompile>
    <ClCompile Include="Light.cpp" />
    <ClCompile Include="SimpleParser.cpp">
      <Filter>Tutorial 7</Filter>
    </ClCompile>
    <ClCompile Include="ObjParser.cpp">
      <Filter>Tutorial 8</Filter>
    </ClCompile>
    <ClCompile Include="OpenFileDialog.cpp">
      <Filter>Tutorial 8</Filter>
    </ClCompile>
    <ClCompile Include="SpecularPixelShader.cpp">
      <Filter>Tutorial 10</Filter>
    </ClCompile>
    <ClCompile Include="SpecularShader.cpp">
      <Filter>Tutorial 10</Filter>
    </ClCompile>
    <ClCompile Include="SpecularVertexShader.cpp">
      <Filter>Tutorial 10</Filter>
    </ClCompile>
    <ClCompile Include="Bitmap.cpp">
      <Filter>Tutorial 11</Filter>
    </ClCompile>
  </ItemGroup>
  <ItemGroup>
    <ClInclude Include="System.h" />
    <ClInclude Include="Input.h" />
    <ClInclude Include="Graphics.h" />
    <ClInclude Include="D3D.h" />
    <ClInclude Include="Model.h" />
    <ClInclude Include="Shader.h" />
    <ClInclude Include="VertexShader.h" />
    <ClInclude Include="PixelShader.h" />
    <ClInclude Include="ConstantBuffer.h" />
    <ClInclude Include="Camera.h" />
    <ClInclude Include="Texture.h" />
    <ClInclude Include="TexturePixelShader.h">
      <Filter>Tutorial 5</Filter>
    </ClInclude>
    <ClInclude Include="TextureShader.h">
      <Filter>Tutorial 5</Filter>
    </ClInclude>
    <ClInclude Include="TextureVertexShader.h">
      <Filter>Tutorial 5</Filter>
    </ClInclude>
    <ClInclude Include="ColorPixelShader.h">
      <Filter>Tutorial 4</Filter>
    </ClInclude>
    <ClInclude Include="ColorShader.h">
      <Filter>Tutorial 4</Filter>
    </ClInclude>
    <ClInclude Include="ColorVertexShader.h">
      <Filter>Tutorial 4</Filter>
    </ClInclude>
    <ClInclude Include="SamplerState.h" />
    <ClInclude Include="DiffusePixelShader.h">
      <Filter>Tutorial 6</Filter>
    </ClInclude>
    <ClInclude Include="DiffuseShader.h">
      <Filter>Tutorial 6</Filter>
    </ClInclude>
    <ClInclude Include="DiffuseVertexShader.h">
      <Filter>Tutorial 6</Filter>
    </ClInclude>
    <ClInclude Include="Light.h" />
    <ClInclude Include="IParser.h">
      <Filter>Tutorial 7</Filter>
    </ClInclude>
    <ClInclude Include="SimpleParser.h">
      <Filter>Tutorial 7</Filter>
    </ClInclude>
    <ClInclude Include="Vertex.h" />
    <ClInclude Include="ObjParser.h">
      <Filter>Tutorial 8</Filter>
    </ClInclude>
    <ClInclude Include="OpenFileDialog.h">
      <Filter>Tutorial 8</Filter>
    </ClInclude>
    <ClInclude Include="SpecularPixelShader.h">
      <Filter>Tutorial 10</Filter>
    </ClInclude>
    <ClInclude Include="SpecularShader.h">
      <Filter>Tutorial 10</Filter>
    </ClInclude>
    <ClInclude Include="SpecularVertexShader.h">
      <Filter>Tutorial 10</Filter>
    </ClInclude>
    <ClInclude Include="Bitmap.h">
      <Filter>Tutorial 11</Filter>
    </ClInclude>
  </ItemGroup>
  <ItemGroup>
    <FxCompile Include="TexturePixelShader.hlsl">
      <Filter>Tutorial 5</Filter>
    </FxCompile>
    <FxCompile Include="TextureVertexShader.hlsl">
      <Filter>Tutorial 5</Filter>
    </FxCompile>
    <FxCompile Include="ColorPixelShader.hlsl">
      <Filter>Tutorial 4</Filter>
    </FxCompile>
    <FxCompile Include="ColorVertexShader.hlsl">
      <Filter>Tutorial 4</Filter>
    </FxCompile>
    <FxCompile Include="DiffusePixelShader.hlsl">
      <Filter>Tutorial 6</Filter>
    </FxCompile>
    <FxCompile Include="DiffuseVertexShader.hlsl">
      <Filter>Tutorial 6</Filter>
    </FxCompile>
    <FxCompile Include="SpecularPixelShader.hlsl">
      <Filter>Tutorial 10</Filter>
    </FxCompile>
    <FxCompile Include="SpecularVertexShader.hlsl">
      <Filter>Tutorial 10</Filter>
    </FxCompile>
  </ItemGroup>
  <ItemGroup>
    <Filter Include="Tutorial 5">
      <UniqueIdentifier>{8bd8b0f8-38cf-43d0-82d8-9b2dba9939ae}</UniqueIdentifier>
    </Filter>
    <Filter Include="Tutorial 4">
      <UniqueIdentifier>{d5e05676-d676-4d83-9ad8-647e34713a1c}</UniqueIdentifier>
    </Filter>
    <Filter Include="Tutorial 6">
      <UniqueIdentifier>{c9610c62-4202-4a74-bcb4-d9b63ad16e39}</UniqueIdentifier>
    </Filter>
    <Filter Include="Tutorial 7">
      <UniqueIdentifier>{85a7e32c-3471-43bc-b776-c13922679a18}</UniqueIdentifier>
    </Filter>
    <Filter Include="Tutorial 8">
      <UniqueIdentifier>{30021c8d-bb85-4165-b9ce-2fe34f1f4ccb}</UniqueIdentifier>
    </Filter>
    <Filter Include="Tutorial 10">
      <UniqueIdentifier>{bba0a089-0810-40be-921e-f0ae01ffa89e}</UniqueIdentifier>
    </Filter>
    <Filter Include="Tutorial 11">
      <UniqueIdentifier>{52494a75-b87d-4fe0-bf98-7aa62b075683}</UniqueIdentifier>
    </Filter>
  </ItemGroup>
  <ItemGroup>
    <Text Include="Cube.txt">
      <Filter>Tutorial 7</Filter>
    </Text>
  </ItemGroup>
</Project>